
Microsoft Visual Studio Solution File, Format Version 12.00
# Visual Studio 15
VisualStudioVersion = 15.0.27130.2010
MinimumVisualStudioVersion = 10.0.40219.1
Project("{FAE04EC0-301F-11D3-BF4B-00C04F79EFBC}") = "MovieGenreAppMVC", "MovieGenreAppMVC\MovieGenreAppMVC.csproj", "{90805808-CFCD-4D3F-82A3-2A8C8C3299BD}"
EndProject
Global
	GlobalSection(SolutionConfigurationPlatforms) = preSolution
		Debug|Any CPU = Debug|Any CPU
		Release|Any CPU = Release|Any CPU
	EndGlobalSection
	GlobalSection(ProjectConfigurationPlatforms) = postSolution
		{90805808-CFCD-4D3F-82A3-2A8C8C3299BD}.Debug|Any CPU.ActiveCfg = Debug|Any CPU
		{90805808-CFCD-4D3F-82A3-2A8C8C3299BD}.Debug|Any CPU.Build.0 = Debug|Any CPU
		{90805808-CFCD-4D3F-82A3-2A8C8C3299BD}.Release|Any CPU.ActiveCfg = Release|Any CPU
		{90805808-CFCD-4D3F-82A3-2A8C8C3299BD}.Release|Any CPU.Build.0 = Release|Any CPU
	EndGlobalSection
	GlobalSection(SolutionProperties) = preSolution
		HideSolutionNode = FALSE
	EndGlobalSection
	GlobalSection(ExtensibilityGlobals) = postSolution
		SolutionGuid = {0CBB9A39-05D7-41DA-A6DF-319BE3E76562}
	EndGlobalSection
EndGlobal
